
Microsoft Visual Studio Solution File, Format Version 12.00
# Visual Studio Version 17
VisualStudioVersion = 17.1.32210.238
MinimumVisualStudioVersion = 10.0.40219.1
Project("{9A19103F-16F7-4668-BE54-9A1E7A4F7556}") = "SWTF22_21_Handin2_ChargingStation.Console", "SWTF22_21_Handin2_ChargingStation.Console\SWTF22_21_Handin2_ChargingStation.Console.csproj", "{9B8375AC-DCBA-4477-9527-10B87C3AAAAB}"
EndProject
Project("{9A19103F-16F7-4668-BE54-9A1E7A4F7556}") = "SWTF22_21_Handin2_ChargingStation.Test.Unit", "SWTF22_21_Handin2_ChargingStation.Test.Unit\SWTF22_21_Handin2_ChargingStation.Test.Unit.csproj", "{3965A0A3-206B-4F76-BF25-70C9101D03E0}"
EndProject
Project("{9A19103F-16F7-4668-BE54-9A1E7A4F7556}") = "SWTF22_21_Handin2_ChargingStation.Lib", "SWTF22_21_Handin2_ChargingStation.Lib\SWTF22_21_Handin2_ChargingStation.Lib.csproj", "{C9EA127C-9F35-4021-8D26-A4A7E07C0C8A}"
EndProject
Global
	GlobalSection(SolutionConfigurationPlatforms) = preSolution
		Debug|Any CPU = Debug|Any CPU
		Release|Any CPU = Release|Any CPU
	EndGlobalSection
	GlobalSection(ProjectConfigurationPlatforms) = postSolution
		{9B8375AC-DCBA-4477-9527-10B87C3AAAAB}.Debug|Any CPU.ActiveCfg = Release|Any CPU
		{9B8375AC-DCBA-4477-9527-10B87C3AAAAB}.Debug|Any CPU.Build.0 = Release|Any CPU
		{9B8375AC-DCBA-4477-9527-10B87C3AAAAB}.Release|Any CPU.ActiveCfg = Release|Any CPU
		{9B8375AC-DCBA-4477-9527-10B87C3AAAAB}.Release|Any CPU.Build.0 = Release|Any CPU
		{3965A0A3-206B-4F76-BF25-70C9101D03E0}.Debug|Any CPU.ActiveCfg = Release|Any CPU
		{3965A0A3-206B-4F76-BF25-70C9101D03E0}.Debug|Any CPU.Build.0 = Release|Any CPU
		{3965A0A3-206B-4F76-BF25-70C9101D03E0}.Release|Any CPU.ActiveCfg = Release|Any CPU
		{3965A0A3-206B-4F76-BF25-70C9101D03E0}.Release|Any CPU.Build.0 = Release|Any CPU
		{C9EA127C-9F35-4021-8D26-A4A7E07C0C8A}.Debug|Any CPU.ActiveCfg = Release|Any CPU
		{C9EA127C-9F35-4021-8D26-A4A7E07C0C8A}.Debug|Any CPU.Build.0 = Release|Any CPU
		{C9EA127C-9F35-4021-8D26-A4A7E07C0C8A}.Release|Any CPU.ActiveCfg = Release|Any CPU
		{C9EA127C-9F35-4021-8D26-A4A7E07C0C8A}.Release|Any CPU.Build.0 = Release|Any CPU
	EndGlobalSection
	GlobalSection(SolutionProperties) = preSolution
		HideSolutionNode = FALSE
	EndGlobalSection
	GlobalSection(ExtensibilityGlobals) = postSolution
		SolutionGuid = {2B2EDE07-7714-495D-9603-4DAFA9EE53CE}
	EndGlobalSection
EndGlobal
