
Microsoft Visual Studio Solution File, Format Version 12.00
# Visual Studio Version 17
VisualStudioVersion = 17.1.32210.238
MinimumVisualStudioVersion = 10.0.40219.1
Project("{FAE04EC0-301F-11D3-BF4B-00C04F79EFBC}") = "SWT_Handin_2", "SWT_Handin_2.csproj", "{A16B0F01-9128-45E6-8C7B-AD728F62D54A}"
EndProject
Project("{FAE04EC0-301F-11D3-BF4B-00C04F79EFBC}") = "ChargeCabinetClassLib", "..\ChargeCabinetClassLib\ChargeCabinetClassLib.csproj", "{C1E0F157-10B2-44C5-BB30-158D63FF6540}"
EndProject
Project("{FAE04EC0-301F-11D3-BF4B-00C04F79EFBC}") = "TestChargeCabinet", "..\TestChargeCabinet\TestChargeCabinet.csproj", "{C2410C4F-2999-49C8-9A02-90F152FEE4AB}"
EndProject
Global
	GlobalSection(SolutionConfigurationPlatforms) = preSolution
		Debug|Any CPU = Debug|Any CPU
		Release|Any CPU = Release|Any CPU
	EndGlobalSection
	GlobalSection(ProjectConfigurationPlatforms) = postSolution
		{A16B0F01-9128-45E6-8C7B-AD728F62D54A}.Debug|Any CPU.ActiveCfg = Debug|Any CPU
		{A16B0F01-9128-45E6-8C7B-AD728F62D54A}.Debug|Any CPU.Build.0 = Debug|Any CPU
		{A16B0F01-9128-45E6-8C7B-AD728F62D54A}.Release|Any CPU.ActiveCfg = Release|Any CPU
		{A16B0F01-9128-45E6-8C7B-AD728F62D54A}.Release|Any CPU.Build.0 = Release|Any CPU
		{C1E0F157-10B2-44C5-BB30-158D63FF6540}.Debug|Any CPU.ActiveCfg = Debug|Any CPU
		{C1E0F157-10B2-44C5-BB30-158D63FF6540}.Debug|Any CPU.Build.0 = Debug|Any CPU
		{C1E0F157-10B2-44C5-BB30-158D63FF6540}.Release|Any CPU.ActiveCfg = Release|Any CPU
		{C1E0F157-10B2-44C5-BB30-158D63FF6540}.Release|Any CPU.Build.0 = Release|Any CPU
		{C2410C4F-2999-49C8-9A02-90F152FEE4AB}.Debug|Any CPU.ActiveCfg = Debug|Any CPU
		{C2410C4F-2999-49C8-9A02-90F152FEE4AB}.Debug|Any CPU.Build.0 = Debug|Any CPU
		{C2410C4F-2999-49C8-9A02-90F152FEE4AB}.Release|Any CPU.ActiveCfg = Release|Any CPU
		{C2410C4F-2999-49C8-9A02-90F152FEE4AB}.Release|Any CPU.Build.0 = Release|Any CPU
	EndGlobalSection
	GlobalSection(SolutionProperties) = preSolution
		HideSolutionNode = FALSE
	EndGlobalSection
	GlobalSection(ExtensibilityGlobals) = postSolution
		SolutionGuid = {D8C27C8D-771F-4FE1-9A82-5FE9AE813022}
	EndGlobalSection
EndGlobal
